
Microsoft Visual Studio Solution File, Format Version 12.00
# Visual Studio Version 16
VisualStudioVersion = 16.0.33801.447
MinimumVisualStudioVersion = 10.0.40219.1
Project("{FAE04EC0-301F-11D3-BF4B-00C04F79EFBC}") = "WebApplication2", "WebApplication2\WebApplication2.csproj", "{CC942900-DE5D-4B67-9DC3-0E8948B69E2E}"
EndProject
Global
	GlobalSection(SolutionConfigurationPlatforms) = preSolution
		Debug|Any CPU = Debug|Any CPU
		Release|Any CPU = Release|Any CPU
	EndGlobalSection
	GlobalSection(ProjectConfigurationPlatforms) = postSolution
		{CC942900-DE5D-4B67-9DC3-0E8948B69E2E}.Debug|Any CPU.ActiveCfg = Debug|Any CPU
		{CC942900-DE5D-4B67-9DC3-0E8948B69E2E}.Debug|Any CPU.Build.0 = Debug|Any CPU
		{CC942900-DE5D-4B67-9DC3-0E8948B69E2E}.Release|Any CPU.ActiveCfg = Release|Any CPU
		{CC942900-DE5D-4B67-9DC3-0E8948B69E2E}.Release|Any CPU.Build.0 = Release|Any CPU
	EndGlobalSection
	GlobalSection(SolutionProperties) = preSolution
		HideSolutionNode = FALSE
	EndGlobalSection
	GlobalSection(ExtensibilityGlobals) = postSolution
		SolutionGuid = {64CD50BB-12A3-4C82-B522-74DADA11DC09}
	EndGlobalSection
EndGlobal
